
Microsoft Visual Studio Solution File, Format Version 12.00
# Visual Studio 15
VisualStudioVersion = 15.0.26430.16
MinimumVisualStudioVersion = 10.0.40219.1
Project("{D954291E-2A0B-460D-934E-DC6B0785DB48}") = "Nautae", "Nautae\Nautae\Nautae.shproj", "{9E5CFAB0-B712-46AD-94D4-C5E8E556CE98}"
EndProject
Project("{FAE04EC0-301F-11D3-BF4B-00C04F79EFBC}") = "Nautae.Android", "Nautae\Nautae.Android\Nautae.Android.csproj", "{F150078A-A030-46D1-9940-F111D53958EC}"
EndProject
Project("{FAE04EC0-301F-11D3-BF4B-00C04F79EFBC}") = "Nautae.iOS", "Nautae\Nautae.iOS\Nautae.iOS.csproj", "{C71B8CA6-E442-4A53-A924-FC048D7F3EE6}"
EndProject
Project("{FAE04EC0-301F-11D3-BF4B-00C04F79EFBC}") = "Nautae.UWP", "Nautae\Nautae.UWP\Nautae.UWP.csproj", "{68E423B1-03D9-45FC-A8B0-85F486D9ED4A}"
EndProject
Project("{9A19103F-16F7-4668-BE54-9A1E7A4F7556}") = "NautaeWebApi", "..\Projects\Nautae\NautaeWebApi\NautaeWebApi.csproj", "{20441DA9-369F-479F-BDD6-58EC8193C314}"
EndProject
Global
	GlobalSection(SharedMSBuildProjectFiles) = preSolution
		Nautae\Nautae\Nautae.projitems*{68e423b1-03d9-45fc-a8b0-85f486d9ed4a}*SharedItemsImports = 4
		Nautae\Nautae\Nautae.projitems*{9e5cfab0-b712-46ad-94d4-c5e8e556ce98}*SharedItemsImports = 13
		Nautae\Nautae\Nautae.projitems*{c71b8ca6-e442-4a53-a924-fc048d7f3ee6}*SharedItemsImports = 4
		Nautae\Nautae\Nautae.projitems*{f150078a-a030-46d1-9940-f111d53958ec}*SharedItemsImports = 4
	EndGlobalSection
	GlobalSection(SolutionConfigurationPlatforms) = preSolution
		Ad-Hoc|Any CPU = Ad-Hoc|Any CPU
		Ad-Hoc|ARM = Ad-Hoc|ARM
		Ad-Hoc|iPhone = Ad-Hoc|iPhone
		Ad-Hoc|iPhoneSimulator = Ad-Hoc|iPhoneSimulator
		Ad-Hoc|x64 = Ad-Hoc|x64
		Ad-Hoc|x86 = Ad-Hoc|x86
		AppStore|Any CPU = AppStore|Any CPU
		AppStore|ARM = AppStore|ARM
		AppStore|iPhone = AppStore|iPhone
		AppStore|iPhoneSimulator = AppStore|iPhoneSimulator
		AppStore|x64 = AppStore|x64
		AppStore|x86 = AppStore|x86
		Debug|Any CPU = Debug|Any CPU
		Debug|ARM = Debug|ARM
		Debug|iPhone = Debug|iPhone
		Debug|iPhoneSimulator = Debug|iPhoneSimulator
		Debug|x64 = Debug|x64
		Debug|x86 = Debug|x86
		Release|Any CPU = Release|Any CPU
		Release|ARM = Release|ARM
		Release|iPhone = Release|iPhone
		Release|iPhoneSimulator = Release|iPhoneSimulator
		Release|x64 = Release|x64
		Release|x86 = Release|x86
	EndGlobalSection
	GlobalSection(ProjectConfigurationPlatforms) = postSolution
		{F150078A-A030-46D1-9940-F111D53958EC}.Ad-Hoc|Any CPU.ActiveCfg = Release|Any CPU
		{F150078A-A030-46D1-9940-F111D53958EC}.Ad-Hoc|Any CPU.Build.0 = Release|Any CPU
		{F150078A-A030-46D1-9940-F111D53958EC}.Ad-Hoc|Any CPU.Deploy.0 = Release|Any CPU
		{F150078A-A030-46D1-9940-F111D53958EC}.Ad-Hoc|ARM.ActiveCfg = Release|Any CPU
		{F150078A-A030-46D1-9940-F111D53958EC}.Ad-Hoc|ARM.Build.0 = Release|Any CPU
		{F150078A-A030-46D1-9940-F111D53958EC}.Ad-Hoc|ARM.Deploy.0 = Release|Any CPU
		{F150078A-A030-46D1-9940-F111D53958EC}.Ad-Hoc|iPhone.ActiveCfg = Release|Any CPU
		{F150078A-A030-46D1-9940-F111D53958EC}.Ad-Hoc|iPhone.Build.0 = Release|Any CPU
		{F150078A-A030-46D1-9940-F111D53958EC}.Ad-Hoc|iPhone.Deploy.0 = Release|Any CPU
		{F150078A-A030-46D1-9940-F111D53958EC}.Ad-Hoc|iPhoneSimulator.ActiveCfg = Release|Any CPU
		{F150078A-A030-46D1-9940-F111D53958EC}.Ad-Hoc|iPhoneSimulator.Build.0 = Release|Any CPU
		{F150078A-A030-46D1-9940-F111D53958EC}.Ad-Hoc|iPhoneSimulator.Deploy.0 = Release|Any CPU
		{F150078A-A030-46D1-9940-F111D53958EC}.Ad-Hoc|x64.ActiveCfg = Release|Any CPU
		{F150078A-A030-46D1-9940-F111D53958EC}.Ad-Hoc|x64.Build.0 = Release|Any CPU
		{F150078A-A030-46D1-9940-F111D53958EC}.Ad-Hoc|x64.Deploy.0 = Release|Any CPU
		{F150078A-A030-46D1-9940-F111D53958EC}.Ad-Hoc|x86.ActiveCfg = Release|Any CPU
		{F150078A-A030-46D1-9940-F111D53958EC}.Ad-Hoc|x86.Build.0 = Release|Any CPU
		{F150078A-A030-46D1-9940-F111D53958EC}.Ad-Hoc|x86.Deploy.0 = Release|Any CPU
		{F150078A-A030-46D1-9940-F111D53958EC}.AppStore|Any CPU.ActiveCfg = Release|Any CPU
		{F150078A-A030-46D1-9940-F111D53958EC}.AppStore|Any CPU.Build.0 = Release|Any CPU
		{F150078A-A030-46D1-9940-F111D53958EC}.AppStore|Any CPU.Deploy.0 = Release|Any CPU
		{F150078A-A030-46D1-9940-F111D53958EC}.AppStore|ARM.ActiveCfg = Release|Any CPU
		{F150078A-A030-46D1-9940-F111D53958EC}.AppStore|ARM.Build.0 = Release|Any CPU
		{F150078A-A030-46D1-9940-F111D53958EC}.AppStore|ARM.Deploy.0 = Release|Any CPU
		{F150078A-A030-46D1-9940-F111D53958EC}.AppStore|iPhone.ActiveCfg = Release|Any CPU
		{F150078A-A030-46D1-9940-F111D53958EC}.AppStore|iPhone.Build.0 = Release|Any CPU
		{F150078A-A030-46D1-9940-F111D53958EC}.AppStore|iPhone.Deploy.0 = Release|Any CPU
		{F150078A-A030-46D1-9940-F111D53958EC}.AppStore|iPhoneSimulator.ActiveCfg = Release|Any CPU
		{F150078A-A030-46D1-9940-F111D53958EC}.AppStore|iPhoneSimulator.Build.0 = Release|Any CPU
		{F150078A-A030-46D1-9940-F111D53958EC}.AppStore|iPhoneSimulator.Deploy.0 = Release|Any CPU
		{F150078A-A030-46D1-9940-F111D53958EC}.AppStore|x64.ActiveCfg = Release|Any CPU
		{F150078A-A030-46D1-9940-F111D53958EC}.AppStore|x64.Build.0 = Release|Any CPU
		{F150078A-A030-46D1-9940-F111D53958EC}.AppStore|x64.Deploy.0 = Release|Any CPU
		{F150078A-A030-46D1-9940-F111D53958EC}.AppStore|x86.ActiveCfg = Release|Any CPU
		{F150078A-A030-46D1-9940-F111D53958EC}.AppStore|x86.Build.0 = Release|Any CPU
		{F150078A-A030-46D1-9940-F111D53958EC}.AppStore|x86.Deploy.0 = Release|Any CPU
		{F150078A-A030-46D1-9940-F111D53958EC}.Debug|Any CPU.ActiveCfg = Debug|Any CPU
		{F150078A-A030-46D1-9940-F111D53958EC}.Debug|Any CPU.Build.0 = Debug|Any CPU
		{F150078A-A030-46D1-9940-F111D53958EC}.Debug|Any CPU.Deploy.0 = Debug|Any CPU
		{F150078A-A030-46D1-9940-F111D53958EC}.Debug|ARM.ActiveCfg = Debug|Any CPU
		{F150078A-A030-46D1-9940-F111D53958EC}.Debug|ARM.Build.0 = Debug|Any CPU
		{F150078A-A030-46D1-9940-F111D53958EC}.Debug|ARM.Deploy.0 = Debug|Any CPU
		{F150078A-A030-46D1-9940-F111D53958EC}.Debug|iPhone.ActiveCfg = Debug|Any CPU
		{F150078A-A030-46D1-9940-F111D53958EC}.Debug|iPhone.Build.0 = Debug|Any CPU
		{F150078A-A030-46D1-9940-F111D53958EC}.Debug|iPhone.Deploy.0 = Debug|Any CPU
		{F150078A-A030-46D1-9940-F111D53958EC}.Debug|iPhoneSimulator.ActiveCfg = Debug|Any CPU
		{F150078A-A030-46D1-9940-F111D53958EC}.Debug|iPhoneSimulator.Build.0 = Debug|Any CPU
		{F150078A-A030-46D1-9940-F111D53958EC}.Debug|iPhoneSimulator.Deploy.0 = Debug|Any CPU
		{F150078A-A030-46D1-9940-F111D53958EC}.Debug|x64.ActiveCfg = Debug|Any CPU
		{F150078A-A030-46D1-9940-F111D53958EC}.Debug|x64.Build.0 = Debug|Any CPU
		{F150078A-A030-46D1-9940-F111D53958EC}.Debug|x64.Deploy.0 = Debug|Any CPU
		{F150078A-A030-46D1-9940-F111D53958EC}.Debug|x86.ActiveCfg = Debug|Any CPU
		{F150078A-A030-46D1-9940-F111D53958EC}.Debug|x86.Build.0 = Debug|Any CPU
		{F150078A-A030-46D1-9940-F111D53958EC}.Debug|x86.Deploy.0 = Debug|Any CPU
		{F150078A-A030-46D1-9940-F111D53958EC}.Release|Any CPU.ActiveCfg = Release|Any CPU
		{F150078A-A030-46D1-9940-F111D53958EC}.Release|Any CPU.Build.0 = Release|Any CPU
		{F150078A-A030-46D1-9940-F111D53958EC}.Release|Any CPU.Deploy.0 = Release|Any CPU
		{F150078A-A030-46D1-9940-F111D53958EC}.Release|ARM.ActiveCfg = Release|Any CPU
		{F150078A-A030-46D1-9940-F111D53958EC}.Release|ARM.Build.0 = Release|Any CPU
		{F150078A-A030-46D1-9940-F111D53958EC}.Release|ARM.Deploy.0 = Release|Any CPU
		{F150078A-A030-46D1-9940-F111D53958EC}.Release|iPhone.ActiveCfg = Release|Any CPU
		{F150078A-A030-46D1-9940-F111D53958EC}.Release|iPhone.Build.0 = Release|Any CPU
		{F150078A-A030-46D1-9940-F111D53958EC}.Release|iPhone.Deploy.0 = Release|Any CPU
		{F150078A-A030-46D1-9940-F111D53958EC}.Release|iPhoneSimulator.ActiveCfg = Release|Any CPU
		{F150078A-A030-46D1-9940-F111D53958EC}.Release|iPhoneSimulator.Build.0 = Release|Any CPU
		{F150078A-A030-46D1-9940-F111D53958EC}.Release|iPhoneSimulator.Deploy.0 = Release|Any CPU
		{F150078A-A030-46D1-9940-F111D53958EC}.Release|x64.ActiveCfg = Release|Any CPU
		{F150078A-A030-46D1-9940-F111D53958EC}.Release|x64.Build.0 = Release|Any CPU
		{F150078A-A030-46D1-9940-F111D53958EC}.Release|x64.Deploy.0 = Release|Any CPU
		{F150078A-A030-46D1-9940-F111D53958EC}.Release|x86.ActiveCfg = Release|Any CPU
		{F150078A-A030-46D1-9940-F111D53958EC}.Release|x86.Build.0 = Release|Any CPU
		{F150078A-A030-46D1-9940-F111D53958EC}.Release|x86.Deploy.0 = Release|Any CPU
		{C71B8CA6-E442-4A53-A924-FC048D7F3EE6}.Ad-Hoc|Any CPU.ActiveCfg = Ad-Hoc|iPhone
		{C71B8CA6-E442-4A53-A924-FC048D7F3EE6}.Ad-Hoc|ARM.ActiveCfg = Ad-Hoc|iPhone
		{C71B8CA6-E442-4A53-A924-FC048D7F3EE6}.Ad-Hoc|iPhone.ActiveCfg = Ad-Hoc|iPhone
		{C71B8CA6-E442-4A53-A924-FC048D7F3EE6}.Ad-Hoc|iPhone.Build.0 = Ad-Hoc|iPhone
		{C71B8CA6-E442-4A53-A924-FC048D7F3EE6}.Ad-Hoc|iPhoneSimulator.ActiveCfg = Ad-Hoc|iPhoneSimulator
		{C71B8CA6-E442-4A53-A924-FC048D7F3EE6}.Ad-Hoc|iPhoneSimulator.Build.0 = Ad-Hoc|iPhoneSimulator
		{C71B8CA6-E442-4A53-A924-FC048D7F3EE6}.Ad-Hoc|x64.ActiveCfg = Ad-Hoc|iPhone
		{C71B8CA6-E442-4A53-A924-FC048D7F3EE6}.Ad-Hoc|x86.ActiveCfg = Ad-Hoc|iPhone
		{C71B8CA6-E442-4A53-A924-FC048D7F3EE6}.AppStore|Any CPU.ActiveCfg = AppStore|iPhone
		{C71B8CA6-E442-4A53-A924-FC048D7F3EE6}.AppStore|ARM.ActiveCfg = AppStore|iPhone
		{C71B8CA6-E442-4A53-A924-FC048D7F3EE6}.AppStore|iPhone.ActiveCfg = AppStore|iPhone
		{C71B8CA6-E442-4A53-A924-FC048D7F3EE6}.AppStore|iPhone.Build.0 = AppStore|iPhone
		{C71B8CA6-E442-4A53-A924-FC048D7F3EE6}.AppStore|iPhoneSimulator.ActiveCfg = AppStore|iPhoneSimulator
		{C71B8CA6-E442-4A53-A924-FC048D7F3EE6}.AppStore|iPhoneSimulator.Build.0 = AppStore|iPhoneSimulator
		{C71B8CA6-E442-4A53-A924-FC048D7F3EE6}.AppStore|x64.ActiveCfg = AppStore|iPhone
		{C71B8CA6-E442-4A53-A924-FC048D7F3EE6}.AppStore|x86.ActiveCfg = AppStore|iPhone
		{C71B8CA6-E442-4A53-A924-FC048D7F3EE6}.Debug|Any CPU.ActiveCfg = Debug|iPhone
		{C71B8CA6-E442-4A53-A924-FC048D7F3EE6}.Debug|ARM.ActiveCfg = Debug|iPhone
		{C71B8CA6-E442-4A53-A924-FC048D7F3EE6}.Debug|iPhone.ActiveCfg = Debug|iPhone
		{C71B8CA6-E442-4A53-A924-FC048D7F3EE6}.Debug|iPhone.Build.0 = Debug|iPhone
		{C71B8CA6-E442-4A53-A924-FC048D7F3EE6}.Debug|iPhoneSimulator.ActiveCfg = Debug|iPhoneSimulator
		{C71B8CA6-E442-4A53-A924-FC048D7F3EE6}.Debug|iPhoneSimulator.Build.0 = Debug|iPhoneSimulator
		{C71B8CA6-E442-4A53-A924-FC048D7F3EE6}.Debug|x64.ActiveCfg = Debug|iPhone
		{C71B8CA6-E442-4A53-A924-FC048D7F3EE6}.Debug|x86.ActiveCfg = Debug|iPhone
		{C71B8CA6-E442-4A53-A924-FC048D7F3EE6}.Release|Any CPU.ActiveCfg = Release|iPhone
		{C71B8CA6-E442-4A53-A924-FC048D7F3EE6}.Release|ARM.ActiveCfg = Release|iPhone
		{C71B8CA6-E442-4A53-A924-FC048D7F3EE6}.Release|iPhone.ActiveCfg = Release|iPhone
		{C71B8CA6-E442-4A53-A924-FC048D7F3EE6}.Release|iPhone.Build.0 = Release|iPhone
		{C71B8CA6-E442-4A53-A924-FC048D7F3EE6}.Release|iPhoneSimulator.ActiveCfg = Release|iPhoneSimulator
		{C71B8CA6-E442-4A53-A924-FC048D7F3EE6}.Release|iPhoneSimulator.Build.0 = Release|iPhoneSimulator
		{C71B8CA6-E442-4A53-A924-FC048D7F3EE6}.Release|x64.ActiveCfg = Release|iPhone
		{C71B8CA6-E442-4A53-A924-FC048D7F3EE6}.Release|x86.ActiveCfg = Release|iPhone
		{68E423B1-03D9-45FC-A8B0-85F486D9ED4A}.Ad-Hoc|Any CPU.ActiveCfg = Release|x86
		{68E423B1-03D9-45FC-A8B0-85F486D9ED4A}.Ad-Hoc|Any CPU.Build.0 = Release|x86
		{68E423B1-03D9-45FC-A8B0-85F486D9ED4A}.Ad-Hoc|Any CPU.Deploy.0 = Release|x86
		{68E423B1-03D9-45FC-A8B0-85F486D9ED4A}.Ad-Hoc|ARM.ActiveCfg = Release|ARM
		{68E423B1-03D9-45FC-A8B0-85F486D9ED4A}.Ad-Hoc|ARM.Build.0 = Release|ARM
		{68E423B1-03D9-45FC-A8B0-85F486D9ED4A}.Ad-Hoc|ARM.Deploy.0 = Release|ARM
		{68E423B1-03D9-45FC-A8B0-85F486D9ED4A}.Ad-Hoc|iPhone.ActiveCfg = Release|x86
		{68E423B1-03D9-45FC-A8B0-85F486D9ED4A}.Ad-Hoc|iPhone.Build.0 = Release|x86
		{68E423B1-03D9-45FC-A8B0-85F486D9ED4A}.Ad-Hoc|iPhone.Deploy.0 = Release|x86
		{68E423B1-03D9-45FC-A8B0-85F486D9ED4A}.Ad-Hoc|iPhoneSimulator.ActiveCfg = Release|x86
		{68E423B1-03D9-45FC-A8B0-85F486D9ED4A}.Ad-Hoc|iPhoneSimulator.Build.0 = Release|x86
		{68E423B1-03D9-45FC-A8B0-85F486D9ED4A}.Ad-Hoc|iPhoneSimulator.Deploy.0 = Release|x86
		{68E423B1-03D9-45FC-A8B0-85F486D9ED4A}.Ad-Hoc|x64.ActiveCfg = Release|x64
		{68E423B1-03D9-45FC-A8B0-85F486D9ED4A}.Ad-Hoc|x64.Build.0 = Release|x64
		{68E423B1-03D9-45FC-A8B0-85F486D9ED4A}.Ad-Hoc|x64.Deploy.0 = Release|x64
		{68E423B1-03D9-45FC-A8B0-85F486D9ED4A}.Ad-Hoc|x86.ActiveCfg = Release|x86
		{68E423B1-03D9-45FC-A8B0-85F486D9ED4A}.Ad-Hoc|x86.Build.0 = Release|x86
		{68E423B1-03D9-45FC-A8B0-85F486D9ED4A}.Ad-Hoc|x86.Deploy.0 = Release|x86
		{68E423B1-03D9-45FC-A8B0-85F486D9ED4A}.AppStore|Any CPU.ActiveCfg = Release|x86
		{68E423B1-03D9-45FC-A8B0-85F486D9ED4A}.AppStore|Any CPU.Build.0 = Release|x86
		{68E423B1-03D9-45FC-A8B0-85F486D9ED4A}.AppStore|Any CPU.Deploy.0 = Release|x86
		{68E423B1-03D9-45FC-A8B0-85F486D9ED4A}.AppStore|ARM.ActiveCfg = Release|ARM
		{68E423B1-03D9-45FC-A8B0-85F486D9ED4A}.AppStore|ARM.Build.0 = Release|ARM
		{68E423B1-03D9-45FC-A8B0-85F486D9ED4A}.AppStore|ARM.Deploy.0 = Release|ARM
		{68E423B1-03D9-45FC-A8B0-85F486D9ED4A}.AppStore|iPhone.ActiveCfg = Release|x86
		{68E423B1-03D9-45FC-A8B0-85F486D9ED4A}.AppStore|iPhone.Build.0 = Release|x86
		{68E423B1-03D9-45FC-A8B0-85F486D9ED4A}.AppStore|iPhone.Deploy.0 = Release|x86
		{68E423B1-03D9-45FC-A8B0-85F486D9ED4A}.AppStore|iPhoneSimulator.ActiveCfg = Release|x86
		{68E423B1-03D9-45FC-A8B0-85F486D9ED4A}.AppStore|iPhoneSimulator.Build.0 = Release|x86
		{68E423B1-03D9-45FC-A8B0-85F486D9ED4A}.AppStore|iPhoneSimulator.Deploy.0 = Release|x86
		{68E423B1-03D9-45FC-A8B0-85F486D9ED4A}.AppStore|x64.ActiveCfg = Release|x64
		{68E423B1-03D9-45FC-A8B0-85F486D9ED4A}.AppStore|x64.Build.0 = Release|x64
		{68E423B1-03D9-45FC-A8B0-85F486D9ED4A}.AppStore|x64.Deploy.0 = Release|x64
		{68E423B1-03D9-45FC-A8B0-85F486D9ED4A}.AppStore|x86.ActiveCfg = Release|x86
		{68E423B1-03D9-45FC-A8B0-85F486D9ED4A}.AppStore|x86.Build.0 = Release|x86
		{68E423B1-03D9-45FC-A8B0-85F486D9ED4A}.AppStore|x86.Deploy.0 = Release|x86
		{68E423B1-03D9-45FC-A8B0-85F486D9ED4A}.Debug|Any CPU.ActiveCfg = Debug|x86
		{68E423B1-03D9-45FC-A8B0-85F486D9ED4A}.Debug|ARM.ActiveCfg = Debug|ARM
		{68E423B1-03D9-45FC-A8B0-85F486D9ED4A}.Debug|ARM.Build.0 = Debug|ARM
		{68E423B1-03D9-45FC-A8B0-85F486D9ED4A}.Debug|ARM.Deploy.0 = Debug|ARM
		{68E423B1-03D9-45FC-A8B0-85F486D9ED4A}.Debug|iPhone.ActiveCfg = Debug|x86
		{68E423B1-03D9-45FC-A8B0-85F486D9ED4A}.Debug|iPhoneSimulator.ActiveCfg = Debug|x86
		{68E423B1-03D9-45FC-A8B0-85F486D9ED4A}.Debug|x64.ActiveCfg = Debug|x64
		{68E423B1-03D9-45FC-A8B0-85F486D9ED4A}.Debug|x64.Build.0 = Debug|x64
		{68E423B1-03D9-45FC-A8B0-85F486D9ED4A}.Debug|x64.Deploy.0 = Debug|x64
		{68E423B1-03D9-45FC-A8B0-85F486D9ED4A}.Debug|x86.ActiveCfg = Debug|x86
		{68E423B1-03D9-45FC-A8B0-85F486D9ED4A}.Debug|x86.Build.0 = Debug|x86
		{68E423B1-03D9-45FC-A8B0-85F486D9ED4A}.Debug|x86.Deploy.0 = Debug|x86
		{68E423B1-03D9-45FC-A8B0-85F486D9ED4A}.Release|Any CPU.ActiveCfg = Release|x86
		{68E423B1-03D9-45FC-A8B0-85F486D9ED4A}.Release|ARM.ActiveCfg = Release|ARM
		{68E423B1-03D9-45FC-A8B0-85F486D9ED4A}.Release|ARM.Build.0 = Release|ARM
		{68E423B1-03D9-45FC-A8B0-85F486D9ED4A}.Release|ARM.Deploy.0 = Release|ARM
		{68E423B1-03D9-45FC-A8B0-85F486D9ED4A}.Release|iPhone.ActiveCfg = Release|x86
		{68E423B1-03D9-45FC-A8B0-85F486D9ED4A}.Release|iPhoneSimulator.ActiveCfg = Release|x86
		{68E423B1-03D9-45FC-A8B0-85F486D9ED4A}.Release|x64.ActiveCfg = Release|x64
		{68E423B1-03D9-45FC-A8B0-85F486D9ED4A}.Release|x64.Build.0 = Release|x64
		{68E423B1-03D9-45FC-A8B0-85F486D9ED4A}.Release|x64.Deploy.0 = Release|x64
		{68E423B1-03D9-45FC-A8B0-85F486D9ED4A}.Release|x86.ActiveCfg = Release|x86
		{68E423B1-03D9-45FC-A8B0-85F486D9ED4A}.Release|x86.Build.0 = Release|x86
		{68E423B1-03D9-45FC-A8B0-85F486D9ED4A}.Release|x86.Deploy.0 = Release|x86
		{20441DA9-369F-479F-BDD6-58EC8193C314}.Ad-Hoc|Any CPU.ActiveCfg = Debug|Any CPU
		{20441DA9-369F-479F-BDD6-58EC8193C314}.Ad-Hoc|Any CPU.Build.0 = Debug|Any CPU
		{20441DA9-369F-479F-BDD6-58EC8193C314}.Ad-Hoc|ARM.ActiveCfg = Debug|Any CPU
		{20441DA9-369F-479F-BDD6-58EC8193C314}.Ad-Hoc|ARM.Build.0 = Debug|Any CPU
		{20441DA9-369F-479F-BDD6-58EC8193C314}.Ad-Hoc|iPhone.ActiveCfg = Debug|Any CPU
		{20441DA9-369F-479F-BDD6-58EC8193C314}.Ad-Hoc|iPhone.Build.0 = Debug|Any CPU
		{20441DA9-369F-479F-BDD6-58EC8193C314}.Ad-Hoc|iPhoneSimulator.ActiveCfg = Debug|Any CPU
		{20441DA9-369F-479F-BDD6-58EC8193C314}.Ad-Hoc|iPhoneSimulator.Build.0 = Debug|Any CPU
		{20441DA9-369F-479F-BDD6-58EC8193C314}.Ad-Hoc|x64.ActiveCfg = Debug|Any CPU
		{20441DA9-369F-479F-BDD6-58EC8193C314}.Ad-Hoc|x64.Build.0 = Debug|Any CPU
		{20441DA9-369F-479F-BDD6-58EC8193C314}.Ad-Hoc|x86.ActiveCfg = Debug|Any CPU
		{20441DA9-369F-479F-BDD6-58EC8193C314}.Ad-Hoc|x86.Build.0 = Debug|Any CPU
		{20441DA9-369F-479F-BDD6-58EC8193C314}.AppStore|Any CPU.ActiveCfg = Debug|Any CPU
		{20441DA9-369F-479F-BDD6-58EC8193C314}.AppStore|Any CPU.Build.0 = Debug|Any CPU
		{20441DA9-369F-479F-BDD6-58EC8193C314}.AppStore|ARM.ActiveCfg = Debug|Any CPU
		{20441DA9-369F-479F-BDD6-58EC8193C314}.AppStore|ARM.Build.0 = Debug|Any CPU
		{20441DA9-369F-479F-BDD6-58EC8193C314}.AppStore|iPhone.ActiveCfg = Debug|Any CPU
		{20441DA9-369F-479F-BDD6-58EC8193C314}.AppStore|iPhone.Build.0 = Debug|Any CPU
		{20441DA9-369F-479F-BDD6-58EC8193C314}.AppStore|iPhoneSimulator.ActiveCfg = Debug|Any CPU
		{20441DA9-369F-479F-BDD6-58EC8193C314}.AppStore|iPhoneSimulator.Build.0 = Debug|Any CPU
		{20441DA9-369F-479F-BDD6-58EC8193C314}.AppStore|x64.ActiveCfg = Debug|Any CPU
		{20441DA9-369F-479F-BDD6-58EC8193C314}.AppStore|x64.Build.0 = Debug|Any CPU
		{20441DA9-369F-479F-BDD6-58EC8193C314}.AppStore|x86.ActiveCfg = Debug|Any CPU
		{20441DA9-369F-479F-BDD6-58EC8193C314}.AppStore|x86.Build.0 = Debug|Any CPU
		{20441DA9-369F-479F-BDD6-58EC8193C314}.Debug|Any CPU.ActiveCfg = Debug|Any CPU
		{20441DA9-369F-479F-BDD6-58EC8193C314}.Debug|Any CPU.Build.0 = Debug|Any CPU
		{20441DA9-369F-479F-BDD6-58EC8193C314}.Debug|ARM.ActiveCfg = Debug|Any CPU
		{20441DA9-369F-479F-BDD6-58EC8193C314}.Debug|ARM.Build.0 = Debug|Any CPU
		{20441DA9-369F-479F-BDD6-58EC8193C314}.Debug|iPhone.ActiveCfg = Debug|Any CPU
		{20441DA9-369F-479F-BDD6-58EC8193C314}.Debug|iPhone.Build.0 = Debug|Any CPU
		{20441DA9-369F-479F-BDD6-58EC8193C314}.Debug|iPhoneSimulator.ActiveCfg = Debug|Any CPU
		{20441DA9-369F-479F-BDD6-58EC8193C314}.Debug|iPhoneSimulator.Build.0 = Debug|Any CPU
		{20441DA9-369F-479F-BDD6-58EC8193C314}.Debug|x64.ActiveCfg = Debug|Any CPU
		{20441DA9-369F-479F-BDD6-58EC8193C314}.Debug|x64.Build.0 = Debug|Any CPU
		{20441DA9-369F-479F-BDD6-58EC8193C314}.Debug|x86.ActiveCfg = Debug|Any CPU
		{20441DA9-369F-479F-BDD6-58EC8193C314}.Debug|x86.Build.0 = Debug|Any CPU
		{20441DA9-369F-479F-BDD6-58EC8193C314}.Release|Any CPU.ActiveCfg = Release|Any CPU
		{20441DA9-369F-479F-BDD6-58EC8193C314}.Release|Any CPU.Build.0 = Release|Any CPU
		{20441DA9-369F-479F-BDD6-58EC8193C314}.Release|ARM.ActiveCfg = Release|Any CPU
		{20441DA9-369F-479F-BDD6-58EC8193C314}.Release|ARM.Build.0 = Release|Any CPU
		{20441DA9-369F-479F-BDD6-58EC8193C314}.Release|iPhone.ActiveCfg = Release|Any CPU
		{20441DA9-369F-479F-BDD6-58EC8193C314}.Release|iPhone.Build.0 = Release|Any CPU
		{20441DA9-369F-479F-BDD6-58EC8193C314}.Release|iPhoneSimulator.ActiveCfg = Release|Any CPU
		{20441DA9-369F-479F-BDD6-58EC8193C314}.Release|iPhoneSimulator.Build.0 = Release|Any CPU
		{20441DA9-369F-479F-BDD6-58EC8193C314}.Release|x64.ActiveCfg = Release|Any CPU
		{20441DA9-369F-479F-BDD6-58EC8193C314}.Release|x64.Build.0 = Release|Any CPU
		{20441DA9-369F-479F-BDD6-58EC8193C314}.Release|x86.ActiveCfg = Release|Any CPU
		{20441DA9-369F-479F-BDD6-58EC8193C314}.Release|x86.Build.0 = Release|Any CPU
	EndGlobalSection
	GlobalSection(SolutionProperties) = preSolution
		HideSolutionNode = FALSE
	EndGlobalSection
EndGlobal
